
Microsoft Visual Studio Solution File, Format Version 12.00
# Visual Studio Version 16
VisualStudioVersion = 16.0.30804.86
MinimumVisualStudioVersion = 10.0.40219.1
Project("{FAE04EC0-301F-11D3-BF4B-00C04F79EFBC}") = "DiUSComputerStore", "DiUSComputerStore\DiUSComputerStore.csproj", "{68468944-154C-42BD-A314-0D9A7B47E82B}"
EndProject
Global
	GlobalSection(SolutionConfigurationPlatforms) = preSolution
		Debug|Any CPU = Debug|Any CPU
		Release|Any CPU = Release|Any CPU
	EndGlobalSection
	GlobalSection(ProjectConfigurationPlatforms) = postSolution
		{68468944-154C-42BD-A314-0D9A7B47E82B}.Debug|Any CPU.ActiveCfg = Debug|Any CPU
		{68468944-154C-42BD-A314-0D9A7B47E82B}.Debug|Any CPU.Build.0 = Debug|Any CPU
		{68468944-154C-42BD-A314-0D9A7B47E82B}.Release|Any CPU.ActiveCfg = Release|Any CPU
		{68468944-154C-42BD-A314-0D9A7B47E82B}.Release|Any CPU.Build.0 = Release|Any CPU
	EndGlobalSection
	GlobalSection(SolutionProperties) = preSolution
		HideSolutionNode = FALSE
	EndGlobalSection
	GlobalSection(ExtensibilityGlobals) = postSolution
		SolutionGuid = {35BC8E80-083C-487C-A3CA-4DD687CB0B61}
	EndGlobalSection
EndGlobal
